apiVersion: v0
kind: ImagesLock
metadata:
  generatedAt: "2026-05-29T14:03:57.929138158Z"
  generatedBy: SUSE LLC
chart:
  name: pytorch
  version: 0.3.3
  appVersion: 2.10.0
images:
  - name: pytorch-nvidia
    image: dp.apps.rancher.io/containers/pytorch:2.10.0-nvidia-2.2
    chart: pytorch
    digests:
      - digest: sha256:9e209a98ddef3230d8a851429f441fb5fdfaeb7755c288053e29b7b20ad25c6c
        arch: linux/amd64
      - digest: sha256:eccf2fe60f50e7d56e4af2b869f9fa8aa9f65fef18bd79842b95be6bc698256f
        arch: linux/arm64
