apiVersion: v0
kind: ImagesLock
metadata:
  generatedAt: "2026-05-26T14:24:18.88460558Z"
  generatedBy: SUSE LLC
chart:
  name: pytorch
  version: 0.3.3
  appVersion: 2.10.0
images:
  - name: pytorch-nvidia
    image: dp.apps.rancher.io/containers/pytorch:2.10.0-nvidia-1.55
    chart: pytorch
    digests:
      - digest: sha256:2a7d7e7fb1fe6c8579e47e40dde66321b38b51a32af13af5ee15c5eb67bf3c45
        arch: linux/amd64
      - digest: sha256:d7c776c383316f2b4365b8d4381e2292cb99ab974b5249abb818955aaca6dd88
        arch: linux/arm64
