apiVersion: v0
kind: ImagesLock
metadata:
  generatedAt: "2026-02-03T19:51:36.140365161Z"
  generatedBy: SUSE LLC
chart:
  name: open-webui-mcpo
  version: 1.0.1
  appVersion: 0.0.17
images:
  - name: open-webui-mcpo
    image: dp.apps.rancher.io/containers/open-webui-mcpo:0.0.17-1.22
    chart: open-webui-mcpo
    digests:
      - digest: sha256:e6c5ec2d09405b7753ecdb9ff1a4c3c7f7c1ad4b3ddfefd0172db4fe06fb585b
        arch: linux/amd64
      - digest: sha256:99f77fc98af1b40a9c473572aab76549e501b682938cfdb56c61d8190d110b82
        arch: linux/arm64
