dependencies:
- name: cert-manager
  repository: oci://dp.apps.rancher.io/charts
  version: 1.13.1
- name: kubeflow-namespace
  repository: file://./charts/kubeflow-namespace
  version: 0.1.0
- name: knative-serving
  repository: file://./charts/knative-serving
  version: 0.2.0
- name: knative-eventing
  repository: file://./charts/knative-eventing
  version: 0.2.0
- name: dex-idp
  repository: oci://dp.apps.rancher.io/charts
  version: 0.23.0
- name: oauth2-proxy
  repository: oci://dp.apps.rancher.io/charts
  version: 10.1.4
- name: kubeflow-istio-resources
  repository: file://./charts/kubeflow-istio-resources
  version: 0.2.0
- name: kubeflow-roles
  repository: file://./charts/kubeflow-roles
  version: 0.1.0
- name: central-dashboard
  repository: file://./charts/central-dashboard
  version: 0.2.0
- name: kubeflow-pipelines
  repository: file://./charts/kubeflow-pipelines
  version: 0.2.3
- name: notebook-controller
  repository: file://./charts/notebook-controller
  version: 0.2.0
- name: jupyter-web-app
  repository: file://./charts/jupyter-web-app
  version: 0.2.0
- name: katib
  repository: file://./charts/katib
  version: 0.2.0
- name: kserve
  repository: file://./charts/kserve
  version: 0.2.0
- name: training-operator
  repository: file://./charts/training-operator
  version: 0.2.0
- name: trainer
  repository: file://./charts/trainer
  version: 0.1.0
- name: profiles-and-kfam
  repository: file://./charts/profiles-and-kfam
  version: 0.2.0
- name: volumes-web-app
  repository: file://./charts/volumes-web-app
  version: 0.2.0
- name: pvcviewer-controller
  repository: file://./charts/pvcviewer-controller
  version: 0.1.0
- name: tensorboard-controller
  repository: file://./charts/tensorboard-controller
  version: 0.2.0
- name: tensorboards-web-app
  repository: file://./charts/tensorboards-web-app
  version: 0.2.0
- name: admission-webhook
  repository: file://./charts/admission-webhook
  version: 0.2.0
- name: models-web-app
  repository: file://./charts/models-web-app
  version: 0.2.0
- name: model-registry
  repository: file://./charts/model-registry
  version: 0.1.0
- name: user-namespace
  repository: file://./charts/user-namespace
  version: 0.2.0
- name: network-policies
  repository: file://./charts/network-policies
  version: 0.1.0
- name: monitoring
  repository: file://./charts/monitoring
  version: 0.1.0
- name: external-dns
  repository: oci://dp.apps.rancher.io/charts
  version: 1.20.0
digest: sha256:27c15e3b42c5060d71d4a6f5be2a4730cc3ea26d8e1dc864879b99d67a59c087
generated: "2026-03-24T07:30:29.720177483-07:00"
